
Microsoft Visual Studio Solution File, Format Version 12.00
# Visual Studio Version 17
VisualStudioVersion = 17.0.32014.148
MinimumVisualStudioVersion = 10.0.40219.1
Project("{FAE04EC0-301F-11D3-BF4B-00C04F79EFBC}") = "text_editor", "text_editor.csproj", "{D3343535-EA5D-4C74-A419-631A8B83F937}"
EndProject
Global
	GlobalSection(SolutionConfigurationPlatforms) = preSolution
		Debug|Any CPU = Debug|Any CPU
		Release|Any CPU = Release|Any CPU
	EndGlobalSection
	GlobalSection(ProjectConfigurationPlatforms) = postSolution
		{D3343535-EA5D-4C74-A419-631A8B83F937}.Debug|Any CPU.ActiveCfg = Debug|Any CPU
		{D3343535-EA5D-4C74-A419-631A8B83F937}.Debug|Any CPU.Build.0 = Debug|Any CPU
		{D3343535-EA5D-4C74-A419-631A8B83F937}.Release|Any CPU.ActiveCfg = Release|Any CPU
		{D3343535-EA5D-4C74-A419-631A8B83F937}.Release|Any CPU.Build.0 = Release|Any CPU
	EndGlobalSection
	GlobalSection(SolutionProperties) = preSolution
		HideSolutionNode = FALSE
	EndGlobalSection
	GlobalSection(ExtensibilityGlobals) = postSolution
		SolutionGuid = {F9955D72-287F-4B8C-A73E-565AB255D944}
	EndGlobalSection
EndGlobal
